
Microsoft Visual Studio Solution File, Format Version 12.00
# Visual Studio Version 17
VisualStudioVersion = 17.4.33213.308
MinimumVisualStudioVersion = 10.0.40219.1
Project("{FAE04EC0-301F-11D3-BF4B-00C04F79EFBC}") = "OAuth2OnConsole", "OAuth2OnConsole\OAuth2OnConsole.csproj", "{7CC16102-8EE5-452F-A3C9-AE6304988FF9}"
EndProject
Global
	GlobalSection(SolutionConfigurationPlatforms) = preSolution
		Debug|Any CPU = Debug|Any CPU
		Release|Any CPU = Release|Any CPU
	EndGlobalSection
	GlobalSection(ProjectConfigurationPlatforms) = postSolution
		{7CC16102-8EE5-452F-A3C9-AE6304988FF9}.Debug|Any CPU.ActiveCfg = Debug|Any CPU
		{7CC16102-8EE5-452F-A3C9-AE6304988FF9}.Debug|Any CPU.Build.0 = Debug|Any CPU
		{7CC16102-8EE5-452F-A3C9-AE6304988FF9}.Release|Any CPU.ActiveCfg = Release|Any CPU
		{7CC16102-8EE5-452F-A3C9-AE6304988FF9}.Release|Any CPU.Build.0 = Release|Any CPU
	EndGlobalSection
	GlobalSection(SolutionProperties) = preSolution
		HideSolutionNode = FALSE
	EndGlobalSection
	GlobalSection(ExtensibilityGlobals) = postSolution
		SolutionGuid = {F3825E50-764D-4E3D-B5BC-684F744EDB15}
	EndGlobalSection
EndGlobal
